// !$*UTF8*$!
{
	archiveVersion = 1;
	classes = {
	};
	objectVersion = 48;
	objects = {

/* Begin PBXBuildFile section */
		8A4B30C421A03893008B97A9 /* AppRouter.swift in Sources */ = {isa = PBXBuildFile; fileRef = 8A4B30C321A03893008B97A9 /* AppRouter.swift */; };
		8A521E1F21A20BBB00A45001 /* Router.framework in Frameworks */ = {isa = PBXBuildFile; fileRef = 8A4B30C521A038B9008B97A9 /* Router.framework */; };
		8A521E2021A20BBB00A45001 /* Router.framework in Embed Frameworks */ = {isa = PBXBuildFile; fileRef = 8A4B30C521A038B9008B97A9 /* Router.framework */; settings = {ATTRIBUTES = (CodeSignOnCopy, RemoveHeadersOnCopy, ); }; };
		8A521E2221A20BD300A45001 /* ConversationModule.framework in Frameworks */ = {isa = PBXBuildFile; fileRef = 8A4B319421A14376008B97A9 /* ConversationModule.framework */; };
		8A521E2321A20BD300A45001 /* ConversationModule.framework in Embed Frameworks */ = {isa = PBXBuildFile; fileRef = 8A4B319421A14376008B97A9 /* ConversationModule.framework */; settings = {ATTRIBUTES = (CodeSignOnCopy, RemoveHeadersOnCopy, ); }; };
		8A521E2421A20BEE00A45001 /* CoreLayer.framework in Frameworks */ = {isa = PBXBuildFile; fileRef = 8AC688DF219FFB15008E3BE6 /* CoreLayer.framework */; };
		8A521E2521A20BEE00A45001 /* CoreLayer.framework in Embed Frameworks */ = {isa = PBXBuildFile; fileRef = 8AC688DF219FFB15008E3BE6 /* CoreLayer.framework */; settings = {ATTRIBUTES = (CodeSignOnCopy, RemoveHeadersOnCopy, ); }; };
		8A521E2621A20BF100A45001 /* ServiceLayer.framework in Frameworks */ = {isa = PBXBuildFile; fileRef = 8AC6890421A02D83008E3BE6 /* ServiceLayer.framework */; };
		8A521E2721A20BF100A45001 /* ServiceLayer.framework in Embed Frameworks */ = {isa = PBXBuildFile; fileRef = 8AC6890421A02D83008E3BE6 /* ServiceLayer.framework */; settings = {ATTRIBUTES = (CodeSignOnCopy, RemoveHeadersOnCopy, ); }; };
		8A521E2821A20C0200A45001 /* ProfileModule.framework in Frameworks */ = {isa = PBXBuildFile; fileRef = 8A4B310021A04B92008B97A9 /* ProfileModule.framework */; };
		8A521E2921A20C0200A45001 /* ProfileModule.framework in Embed Frameworks */ = {isa = PBXBuildFile; fileRef = 8A4B310021A04B92008B97A9 /* ProfileModule.framework */; settings = {ATTRIBUTES = (CodeSignOnCopy, RemoveHeadersOnCopy, ); }; };
		8A521E2A21A20C0500A45001 /* ThemeModule.framework in Frameworks */ = {isa = PBXBuildFile; fileRef = 8A4B30D121A03C5C008B97A9 /* ThemeModule.framework */; };
		8A521E2B21A20C0500A45001 /* ThemeModule.framework in Embed Frameworks */ = {isa = PBXBuildFile; fileRef = 8A4B30D121A03C5C008B97A9 /* ThemeModule.framework */; settings = {ATTRIBUTES = (CodeSignOnCopy, RemoveHeadersOnCopy, ); }; };
		8A9B3D872157752A00A12815 /* AppDelegate.swift in Sources */ = {isa = PBXBuildFile; fileRef = 8A9B3D862157752A00A12815 /* AppDelegate.swift */; };
		8A9B3D8E2157752A00A12815 /* Assets.xcassets in Resources */ = {isa = PBXBuildFile; fileRef = 8A9B3D8D2157752A00A12815 /* Assets.xcassets */; };
		8A9B3D912157752A00A12815 /* LaunchScreen.storyboard in Resources */ = {isa = PBXBuildFile; fileRef = 8A9B3D8F2157752A00A12815 /* LaunchScreen.storyboard */; };
/* End PBXBuildFile section */

/* Begin PBXCopyFilesBuildPhase section */
		8A521E2121A20BBB00A45001 /* Embed Frameworks */ = {
			isa = PBXCopyFilesBuildPhase;
			buildActionMask = 2147483647;
			dstPath = "";
			dstSubfolderSpec = 10;
			files = (
				8A521E2B21A20C0500A45001 /* ThemeModule.framework in Embed Frameworks */,
				8A521E2721A20BF100A45001 /* ServiceLayer.framework in Embed Frameworks */,
				8A521E2021A20BBB00A45001 /* Router.framework in Embed Frameworks */,
				8A521E2921A20C0200A45001 /* ProfileModule.framework in Embed Frameworks */,
				8A521E2521A20BEE00A45001 /* CoreLayer.framework in Embed Frameworks */,
				8A521E2321A20BD300A45001 /* ConversationModule.framework in Embed Frameworks */,
			);
			name = "Embed Frameworks";
			runOnlyForDeploymentPostprocessing = 0;
		};
/* End PBXCopyFilesBuildPhase section */

/* Begin PBXFileReference section */
		7D92100CA1F0556F360F05B2 /* Pods-FintechLarin.debug.xcconfig */ = {isa = PBXFileReference; includeInIndex = 1; lastKnownFileType = text.xcconfig; name = "Pods-FintechLarin.debug.xcconfig"; path = "Pods/Target Support Files/Pods-FintechLarin/Pods-FintechLarin.debug.xcconfig"; sourceTree = "<group>"; };
		84EB71F6059B57AFF14E0F09 /* Pods-FintechLarin.release.xcconfig */ = {isa = PBXFileReference; includeInIndex = 1; lastKnownFileType = text.xcconfig; name = "Pods-FintechLarin.release.xcconfig"; path = "Pods/Target Support Files/Pods-FintechLarin/Pods-FintechLarin.release.xcconfig"; sourceTree = "<group>"; };
		8A241389217351D0000B87B3 /* FintechLarin copy-Info.plist */ = {isa = PBXFileReference; lastKnownFileType = text.plist.xml; name = "FintechLarin copy-Info.plist"; path = "/Users/ivanlardis/tinkof/FintechLarin/FintechLarin copy-Info.plist"; sourceTree = "<absolute>"; };
		8A2413A3217351E7000B87B3 /* FintechLarin copy2-Info.plist */ = {isa = PBXFileReference; lastKnownFileType = text.plist.xml; name = "FintechLarin copy2-Info.plist"; path = "/Users/ivanlardis/tinkof/FintechLarin/FintechLarin copy2-Info.plist"; sourceTree = "<absolute>"; };
		8A4B308421A02DDC008B97A9 /* Pods_FintechLarin.framework */ = {isa = PBXFileReference; explicitFileType = wrapper.framework; path = Pods_FintechLarin.framework; sourceTree = BUILT_PRODUCTS_DIR; };
		8A4B30C321A03893008B97A9 /* AppRouter.swift */ = {isa = PBXFileReference; fileEncoding = 4; lastKnownFileType = sourcecode.swift; path = AppRouter.swift; sourceTree = "<group>"; };
		8A4B30C521A038B9008B97A9 /* Router.framework */ = {isa = PBXFileReference; explicitFileType = wrapper.framework; path = Router.framework; sourceTree = BUILT_PRODUCTS_DIR; };
		8A4B30D121A03C5C008B97A9 /* ThemeModule.framework */ = {isa = PBXFileReference; explicitFileType = wrapper.framework; path = ThemeModule.framework; sourceTree = BUILT_PRODUCTS_DIR; };
		8A4B310021A04B92008B97A9 /* ProfileModule.framework */ = {isa = PBXFileReference; explicitFileType = wrapper.framework; path = ProfileModule.framework; sourceTree = BUILT_PRODUCTS_DIR; };
		8A4B319421A14376008B97A9 /* ConversationModule.framework */ = {isa = PBXFileReference; explicitFileType = wrapper.framework; path = ConversationModule.framework; sourceTree = BUILT_PRODUCTS_DIR; };
		8A521E1021A20B0000A45001 /* Router.framework */ = {isa = PBXFileReference; explicitFileType = wrapper.framework; path = Router.framework; sourceTree = BUILT_PRODUCTS_DIR; };
		8A521E1221A20B0C00A45001 /* ThemeModule.framework */ = {isa = PBXFileReference; explicitFileType = wrapper.framework; path = ThemeModule.framework; sourceTree = BUILT_PRODUCTS_DIR; };
		8A521E1421A20B0F00A45001 /* CoreLayer.framework */ = {isa = PBXFileReference; explicitFileType = wrapper.framework; path = CoreLayer.framework; sourceTree = BUILT_PRODUCTS_DIR; };
		8A521E1621A20B1900A45001 /* ProfileModule.framework */ = {isa = PBXFileReference; explicitFileType = wrapper.framework; path = ProfileModule.framework; sourceTree = BUILT_PRODUCTS_DIR; };
		8A521E1821A20B1D00A45001 /* ConversationModule.framework */ = {isa = PBXFileReference; explicitFileType = wrapper.framework; path = ConversationModule.framework; sourceTree = BUILT_PRODUCTS_DIR; };
		8A521E1A21A20B8900A45001 /* CoreLayer.framework */ = {isa = PBXFileReference; explicitFileType = wrapper.framework; path = CoreLayer.framework; sourceTree = BUILT_PRODUCTS_DIR; };
		8A9B3D832157752A00A12815 /* FintechLarin.app */ = {isa = PBXFileReference; explicitFileType = wrapper.application; includeInIndex = 0; path = FintechLarin.app; sourceTree = BUILT_PRODUCTS_DIR; };
		8A9B3D862157752A00A12815 /* AppDelegate.swift */ = {isa = PBXFileReference; lastKnownFileType = sourcecode.swift; path = AppDelegate.swift; sourceTree = "<group>"; };
		8A9B3D8D2157752A00A12815 /* Assets.xcassets */ = {isa = PBXFileReference; lastKnownFileType = folder.assetcatalog; path = Assets.xcassets; sourceTree = "<group>"; };
		8A9B3D902157752A00A12815 /* Base */ = {isa = PBXFileReference; lastKnownFileType = file.storyboard; name = Base; path = Base.lproj/LaunchScreen.storyboard; sourceTree = "<group>"; };
		8A9B3D922157752A00A12815 /* Info.plist */ = {isa = PBXFileReference; lastKnownFileType = text.plist.xml; path = Info.plist; sourceTree = "<group>"; };
		8AC688DF219FFB15008E3BE6 /* CoreLayer.framework */ = {isa = PBXFileReference; explicitFileType = wrapper.framework; path = CoreLayer.framework; sourceTree = BUILT_PRODUCTS_DIR; };
		8AC6890421A02D83008E3BE6 /* ServiceLayer.framework */ = {isa = PBXFileReference; explicitFileType = wrapper.framework; path = ServiceLayer.framework; sourceTree = BUILT_PRODUCTS_DIR; };
		B629508E54C17253F3F201B5 /* Pods_FintechLarin.framework */ = {isa = PBXFileReference; explicitFileType = wrapper.framework; includeInIndex = 0; path = Pods_FintechLarin.framework; sourceTree = BUILT_PRODUCTS_DIR; };
/* End PBXFileReference section */

/* Begin PBXFrameworksBuildPhase section */
		8A9B3D802157752A00A12815 /* Frameworks */ = {
			isa = PBXFrameworksBuildPhase;
			buildActionMask = 2147483647;
			files = (
				8A521E2A21A20C0500A45001 /* ThemeModule.framework in Frameworks */,
				8A521E2621A20BF100A45001 /* ServiceLayer.framework in Frameworks */,
				8A521E1F21A20BBB00A45001 /* Router.framework in Frameworks */,
				8A521E2821A20C0200A45001 /* ProfileModule.framework in Frameworks */,
				8A521E2421A20BEE00A45001 /* CoreLayer.framework in Frameworks */,
				8A521E2221A20BD300A45001 /* ConversationModule.framework in Frameworks */,
			);
			runOnlyForDeploymentPostprocessing = 0;
		};
/* End PBXFrameworksBuildPhase section */

/* Begin PBXGroup section */
		37DFE3B7225233EAD196BBFB /* Frameworks */ = {
			isa = PBXGroup;
			children = (
				8A521E1A21A20B8900A45001 /* CoreLayer.framework */,
				8A521E1821A20B1D00A45001 /* ConversationModule.framework */,
				8A521E1621A20B1900A45001 /* ProfileModule.framework */,
				8A521E1421A20B0F00A45001 /* CoreLayer.framework */,
				8A521E1221A20B0C00A45001 /* ThemeModule.framework */,
				8A521E1021A20B0000A45001 /* Router.framework */,
				8A4B308421A02DDC008B97A9 /* Pods_FintechLarin.framework */,
				B629508E54C17253F3F201B5 /* Pods_FintechLarin.framework */,
			);
			name = Frameworks;
			sourceTree = "<group>";
		};
		8A241388217351D0000B87B3 /* Resources-iPad */ = {
			isa = PBXGroup;
			children = (
			);
			name = "Resources-iPad";
			sourceTree = "<group>";
		};
		8A9B3D7A2157752A00A12815 = {
			isa = PBXGroup;
			children = (
				8A4B319421A14376008B97A9 /* ConversationModule.framework */,
				8A4B310021A04B92008B97A9 /* ProfileModule.framework */,
				8A4B30D121A03C5C008B97A9 /* ThemeModule.framework */,
				8A4B30C521A038B9008B97A9 /* Router.framework */,
				8AC6890421A02D83008E3BE6 /* ServiceLayer.framework */,
				8AC688DF219FFB15008E3BE6 /* CoreLayer.framework */,
				8A241388217351D0000B87B3 /* Resources-iPad */,
				8A9B3D852157752A00A12815 /* FintechLarin */,
				8A9B3D842157752A00A12815 /* Products */,
				8A241389217351D0000B87B3 /* FintechLarin copy-Info.plist */,
				8A2413A3217351E7000B87B3 /* FintechLarin copy2-Info.plist */,
				A34F34807CC1C62BED0ED3BB /* Pods */,
				37DFE3B7225233EAD196BBFB /* Frameworks */,
			);
			sourceTree = "<group>";
		};
		8A9B3D842157752A00A12815 /* Products */ = {
			isa = PBXGroup;
			children = (
				8A9B3D832157752A00A12815 /* FintechLarin.app */,
			);
			name = Products;
			sourceTree = "<group>";
		};
		8A9B3D852157752A00A12815 /* FintechLarin */ = {
			isa = PBXGroup;
			children = (
				8A4B30C321A03893008B97A9 /* AppRouter.swift */,
				8A9B3D862157752A00A12815 /* AppDelegate.swift */,
				8A9B3D8D2157752A00A12815 /* Assets.xcassets */,
				8A9B3D8F2157752A00A12815 /* LaunchScreen.storyboard */,
				8A9B3D922157752A00A12815 /* Info.plist */,
			);
			path = FintechLarin;
			sourceTree = "<group>";
		};
		A34F34807CC1C62BED0ED3BB /* Pods */ = {
			isa = PBXGroup;
			children = (
				7D92100CA1F0556F360F05B2 /* Pods-FintechLarin.debug.xcconfig */,
				84EB71F6059B57AFF14E0F09 /* Pods-FintechLarin.release.xcconfig */,
			);
			name = Pods;
			sourceTree = "<group>";
		};
/* End PBXGroup section */

/* Begin PBXNativeTarget section */
		8A9B3D822157752A00A12815 /* FintechLarin */ = {
			isa = PBXNativeTarget;
			buildConfigurationList = 8A9B3D952157752A00A12815 /* Build configuration list for PBXNativeTarget "FintechLarin" */;
			buildPhases = (
				A22E49DDEC9401B7C0F8F535 /* [CP] Check Pods Manifest.lock */,
				8A44D23E219878220026568A /* SwiftLint */,
				8A9B3D7F2157752A00A12815 /* Sources */,
				8A9B3D802157752A00A12815 /* Frameworks */,
				8A9B3D812157752A00A12815 /* Resources */,
				8A521E2121A20BBB00A45001 /* Embed Frameworks */,
			);
			buildRules = (
			);
			dependencies = (
			);
			name = FintechLarin;
			productName = FintechLarin;
			productReference = 8A9B3D832157752A00A12815 /* FintechLarin.app */;
			productType = "com.apple.product-type.application";
		};
/* End PBXNativeTarget section */

/* Begin PBXProject section */
		8A9B3D7B2157752A00A12815 /* Project object */ = {
			isa = PBXProject;
			attributes = {
				LastSwiftUpdateCheck = 0920;
				LastUpgradeCheck = 1000;
				ORGANIZATIONNAME = "ivan larin";
				TargetAttributes = {
					8A9B3D822157752A00A12815 = {
						CreatedOnToolsVersion = 9.2;
						LastSwiftMigration = 1000;
						ProvisioningStyle = Automatic;
					};
				};
			};
			buildConfigurationList = 8A9B3D7E2157752A00A12815 /* Build configuration list for PBXProject "FintechLarin" */;
			compatibilityVersion = "Xcode 8.0";
			developmentRegion = en;
			hasScannedForEncodings = 0;
			knownRegions = (
				en,
				Base,
			);
			mainGroup = 8A9B3D7A2157752A00A12815;
			productRefGroup = 8A9B3D842157752A00A12815 /* Products */;
			projectDirPath = "";
			projectRoot = "";
			targets = (
				8A9B3D822157752A00A12815 /* FintechLarin */,
			);
		};
/* End PBXProject section */

/* Begin PBXResourcesBuildPhase section */
		8A9B3D812157752A00A12815 /* Resources */ = {
			isa = PBXResourcesBuildPhase;
			buildActionMask = 2147483647;
			files = (
				8A9B3D912157752A00A12815 /* LaunchScreen.storyboard in Resources */,
				8A9B3D8E2157752A00A12815 /* Assets.xcassets in Resources */,
			);
			runOnlyForDeploymentPostprocessing = 0;
		};
/* End PBXResourcesBuildPhase section */

/* Begin PBXShellScriptBuildPhase section */
		8A44D23E219878220026568A /* SwiftLint */ = {
			isa = PBXShellScriptBuildPhase;
			buildActionMask = 2147483647;
			files = (
			);
			inputFileListPaths = (
			);
			inputPaths = (
			);
			name = SwiftLint;
			outputFileListPaths = (
			);
			outputPaths = (
			);
			runOnlyForDeploymentPostprocessing = 0;
			shellPath = /bin/sh;
			shellScript = " 
";
			showEnvVarsInLog = 0;
		};
		A22E49DDEC9401B7C0F8F535 /* [CP] Check Pods Manifest.lock */ = {
			isa = PBXShellScriptBuildPhase;
			buildActionMask = 2147483647;
			files = (
			);
			inputFileListPaths = (
			);
			inputPaths = (
				"${PODS_PODFILE_DIR_PATH}/Podfile.lock",
				"${PODS_ROOT}/Manifest.lock",
			);
			name = "[CP] Check Pods Manifest.lock";
			outputFileListPaths = (
			);
			outputPaths = (
				"$(DERIVED_FILE_DIR)/Pods-FintechLarin-checkManifestLockResult.txt",
			);
			runOnlyForDeploymentPostprocessing = 0;
			shellPath = /bin/sh;
			shellScript = "diff \"${PODS_PODFILE_DIR_PATH}/Podfile.lock\" \"${PODS_ROOT}/Manifest.lock\" > /dev/null\nif [ $? != 0 ] ; then\n    # print error to STDERR\n    echo \"error: The sandbox is not in sync with the Podfile.lock. Run 'pod install' or update your CocoaPods installation.\" >&2\n    exit 1\nfi\n# This output is used by Xcode 'outputs' to avoid re-running this script phase.\necho \"SUCCESS\" > \"${SCRIPT_OUTPUT_FILE_0}\"\n";
			showEnvVarsInLog = 0;
		};
/* End PBXShellScriptBuildPhase section */

/* Begin PBXSourcesBuildPhase section */
		8A9B3D7F2157752A00A12815 /* Sources */ = {
			isa = PBXSourcesBuildPhase;
			buildActionMask = 2147483647;
			files = (
				8A9B3D872157752A00A12815 /* AppDelegate.swift in Sources */,
				8A4B30C421A03893008B97A9 /* AppRouter.swift in Sources */,
			);
			runOnlyForDeploymentPostprocessing = 0;
		};
/* End PBXSourcesBuildPhase section */

/* Begin PBXVariantGroup section */
		8A9B3D8F2157752A00A12815 /* LaunchScreen.storyboard */ = {
			isa = PBXVariantGroup;
			children = (
				8A9B3D902157752A00A12815 /* Base */,
			);
			name = LaunchScreen.storyboard;
			sourceTree = "<group>";
		};
/* End PBXVariantGroup section */

/* Begin XCBuildConfiguration section */
		8A9B3D932157752A00A12815 /* Debug */ = {
			isa = XCBuildConfiguration;
			buildSettings = {
				ALWAYS_SEARCH_USER_PATHS = NO;
				CLANG_ANALYZER_NONNULL = YES;
				CLANG_ANALYZER_NUMBER_OBJECT_CONVERSION = YES_AGGRESSIVE;
				CLANG_CXX_LANGUAGE_STANDARD = "gnu++14";
				CLANG_CXX_LIBRARY = "libc++";
				CLANG_ENABLE_MODULES = YES;
				CLANG_ENABLE_OBJC_ARC = YES;
				CLANG_WARN_BLOCK_CAPTURE_AUTORELEASING = YES;
				CLANG_WARN_BOOL_CONVERSION = YES;
				CLANG_WARN_COMMA = YES;
				CLANG_WARN_CONSTANT_CONVERSION = YES;
				CLANG_WARN_DEPRECATED_OBJC_IMPLEMENTATIONS = YES;
				CLANG_WARN_DIRECT_OBJC_ISA_USAGE = YES_ERROR;
				CLANG_WARN_DOCUMENTATION_COMMENTS = YES;
				CLANG_WARN_EMPTY_BODY = YES;
				CLANG_WARN_ENUM_CONVERSION = YES;
				CLANG_WARN_INFINITE_RECURSION = YES;
				CLANG_WARN_INT_CONVERSION = YES;
				CLANG_WARN_NON_LITERAL_NULL_CONVERSION = YES;
				CLANG_WARN_OBJC_IMPLICIT_RETAIN_SELF = YES;
				CLANG_WARN_OBJC_LITERAL_CONVERSION = YES;
				CLANG_WARN_OBJC_ROOT_CLASS = YES_ERROR;
				CLANG_WARN_RANGE_LOOP_ANALYSIS = YES;
				CLANG_WARN_STRICT_PROTOTYPES = YES;
				CLANG_WARN_SUSPICIOUS_MOVE = YES;
				CLANG_WARN_UNGUARDED_AVAILABILITY = YES_AGGRESSIVE;
				CLANG_WARN_UNREACHABLE_CODE = YES;
				CLANG_WARN__DUPLICATE_METHOD_MATCH = YES;
				CODE_SIGN_IDENTITY = "iPhone Developer";
				COPY_PHASE_STRIP = NO;
				DEBUG_INFORMATION_FORMAT = dwarf;
				ENABLE_STRICT_OBJC_MSGSEND = YES;
				ENABLE_TESTABILITY = YES;
				GCC_C_LANGUAGE_STANDARD = gnu11;
				GCC_DYNAMIC_NO_PIC = NO;
				GCC_NO_COMMON_BLOCKS = YES;
				GCC_OPTIMIZATION_LEVEL = 0;
				GCC_PREPROCESSOR_DEFINITIONS = (
					"DEBUG=1",
					"$(inherited)",
				);
				GCC_WARN_64_TO_32_BIT_CONVERSION = YES;
				GCC_WARN_ABOUT_RETURN_TYPE = YES_ERROR;
				GCC_WARN_UNDECLARED_SELECTOR = YES;
				GCC_WARN_UNINITIALIZED_AUTOS = YES_AGGRESSIVE;
				GCC_WARN_UNUSED_FUNCTION = YES;
				GCC_WARN_UNUSED_VARIABLE = YES;
				IPHONEOS_DEPLOYMENT_TARGET = 11.2;
				MTL_ENABLE_DEBUG_INFO = YES;
				ONLY_ACTIVE_ARCH = YES;
				SDKROOT = iphoneos;
				SWIFT_ACTIVE_COMPILATION_CONDITIONS = DEBUG;
				SWIFT_OPTIMIZATION_LEVEL = "-Onone";
			};
			name = Debug;
		};
		8A9B3D942157752A00A12815 /* Release */ = {
			isa = XCBuildConfiguration;
			buildSettings = {
				ALWAYS_SEARCH_USER_PATHS = NO;
				CLANG_ANALYZER_NONNULL = YES;
				CLANG_ANALYZER_NUMBER_OBJECT_CONVERSION = YES_AGGRESSIVE;
				CLANG_CXX_LANGUAGE_STANDARD = "gnu++14";
				CLANG_CXX_LIBRARY = "libc++";
				CLANG_ENABLE_MODULES = YES;
				CLANG_ENABLE_OBJC_ARC = YES;
				CLANG_WARN_BLOCK_CAPTURE_AUTORELEASING = YES;
				CLANG_WARN_BOOL_CONVERSION = YES;
				CLANG_WARN_COMMA = YES;
				CLANG_WARN_CONSTANT_CONVERSION = YES;
				CLANG_WARN_DEPRECATED_OBJC_IMPLEMENTATIONS = YES;
				CLANG_WARN_DIRECT_OBJC_ISA_USAGE = YES_ERROR;
				CLANG_WARN_DOCUMENTATION_COMMENTS = YES;
				CLANG_WARN_EMPTY_BODY = YES;
				CLANG_WARN_ENUM_CONVERSION = YES;
				CLANG_WARN_INFINITE_RECURSION = YES;
				CLANG_WARN_INT_CONVERSION = YES;
				CLANG_WARN_NON_LITERAL_NULL_CONVERSION = YES;
				CLANG_WARN_OBJC_IMPLICIT_RETAIN_SELF = YES;
				CLANG_WARN_OBJC_LITERAL_CONVERSION = YES;
				CLANG_WARN_OBJC_ROOT_CLASS = YES_ERROR;
				CLANG_WARN_RANGE_LOOP_ANALYSIS = YES;
				CLANG_WARN_STRICT_PROTOTYPES = YES;
				CLANG_WARN_SUSPICIOUS_MOVE = YES;
				CLANG_WARN_UNGUARDED_AVAILABILITY = YES_AGGRESSIVE;
				CLANG_WARN_UNREACHABLE_CODE = YES;
				CLANG_WARN__DUPLICATE_METHOD_MATCH = YES;
				CODE_SIGN_IDENTITY = "iPhone Developer";
				COPY_PHASE_STRIP = NO;
				DEBUG_INFORMATION_FORMAT = "dwarf-with-dsym";
				ENABLE_NS_ASSERTIONS = NO;
				ENABLE_STRICT_OBJC_MSGSEND = YES;
				GCC_C_LANGUAGE_STANDARD = gnu11;
				GCC_NO_COMMON_BLOCKS = YES;
				GCC_WARN_64_TO_32_BIT_CONVERSION = YES;
				GCC_WARN_ABOUT_RETURN_TYPE = YES_ERROR;
				GCC_WARN_UNDECLARED_SELECTOR = YES;
				GCC_WARN_UNINITIALIZED_AUTOS = YES_AGGRESSIVE;
				GCC_WARN_UNUSED_FUNCTION = YES;
				GCC_WARN_UNUSED_VARIABLE = YES;
				IPHONEOS_DEPLOYMENT_TARGET = 11.2;
				MTL_ENABLE_DEBUG_INFO = NO;
				SDKROOT = iphoneos;
				SWIFT_OPTIMIZATION_LEVEL = "-Owholemodule";
				VALIDATE_PRODUCT = YES;
			};
			name = Release;
		};
		8A9B3D962157752A00A12815 /* Debug */ = {
			isa = XCBuildConfiguration;
			baseConfigurationReference = 7D92100CA1F0556F360F05B2 /* Pods-FintechLarin.debug.xcconfig */;
			buildSettings = {
				ASSETCATALOG_COMPILER_APPICON_NAME = AppIcon;
				CLANG_ENABLE_MODULES = YES;
				CLANG_ENABLE_OBJC_ARC = NO;
				CLANG_ENABLE_OBJC_WEAK = YES;
				CODE_SIGN_STYLE = Automatic;
				GCC_PREPROCESSOR_DEFINITIONS = (
					"DEBUG=1",
					"$(inherited)",
				);
				INFOPLIST_FILE = FintechLarin/Info.plist;
				IPHONEOS_DEPLOYMENT_TARGET = 11.0;
				LD_RUNPATH_SEARCH_PATHS = "$(inherited) @executable_path/Frameworks";
				PRODUCT_BUNDLE_IDENTIFIER = ivanlarin.FintechLarin;
				PRODUCT_NAME = "$(TARGET_NAME)";
				SWIFT_ACTIVE_COMPILATION_CONDITIONS = "DEBUG THEMESWIFT";
				SWIFT_INSTALL_OBJC_HEADER = NO;
				SWIFT_OPTIMIZATION_LEVEL = "-Onone";
				SWIFT_VERSION = 4.2;
				TARGETED_DEVICE_FAMILY = 1;
			};
			name = Debug;
		};
		8A9B3D972157752A00A12815 /* Release */ = {
			isa = XCBuildConfiguration;
			baseConfigurationReference = 84EB71F6059B57AFF14E0F09 /* Pods-FintechLarin.release.xcconfig */;
			buildSettings = {
				ASSETCATALOG_COMPILER_APPICON_NAME = AppIcon;
				CLANG_ENABLE_MODULES = YES;
				CLANG_ENABLE_OBJC_ARC = NO;
				CLANG_ENABLE_OBJC_WEAK = YES;
				CODE_SIGN_STYLE = Automatic;
				INFOPLIST_FILE = FintechLarin/Info.plist;
				IPHONEOS_DEPLOYMENT_TARGET = 11.0;
				LD_RUNPATH_SEARCH_PATHS = "$(inherited) @executable_path/Frameworks";
				PRODUCT_BUNDLE_IDENTIFIER = ivanlarin.FintechLarin;
				PRODUCT_NAME = "$(TARGET_NAME)";
				SWIFT_INSTALL_OBJC_HEADER = NO;
				SWIFT_VERSION = 4.2;
				TARGETED_DEVICE_FAMILY = 1;
			};
			name = Release;
		};
/* End XCBuildConfiguration section */

/* Begin XCConfigurationList section */
		8A9B3D7E2157752A00A12815 /* Build configuration list for PBXProject "FintechLarin" */ = {
			isa = XCConfigurationList;
			buildConfigurations = (
				8A9B3D932157752A00A12815 /* Debug */,
				8A9B3D942157752A00A12815 /* Release */,
			);
			defaultConfigurationIsVisible = 0;
			defaultConfigurationName = Release;
		};
		8A9B3D952157752A00A12815 /* Build configuration list for PBXNativeTarget "FintechLarin" */ = {
			isa = XCConfigurationList;
			buildConfigurations = (
				8A9B3D962157752A00A12815 /* Debug */,
				8A9B3D972157752A00A12815 /* Release */,
			);
			defaultConfigurationIsVisible = 0;
			defaultConfigurationName = Release;
		};
/* End XCConfigurationList section */
	};
	rootObject = 8A9B3D7B2157752A00A12815 /* Project object */;
}
